
Microsoft Visual Studio Solution File, Format Version 12.00
# Visual Studio Version 16
VisualStudioVersion = 16.0.29613.14
MinimumVisualStudioVersion = 10.0.40219.1
Project("{FAE04EC0-301F-11D3-BF4B-00C04F79EFBC}") = "SentryProject", "SentryProject\SentryProject.csproj", "{EA21E5E6-78F6-41B0-A2FA-B984CFADFA6D}"
EndProject
Global
	GlobalSection(SolutionConfigurationPlatforms) = preSolution
		Debug|Any CPU = Debug|Any CPU
		Release|Any CPU = Release|Any CPU
	EndGlobalSection
	GlobalSection(ProjectConfigurationPlatforms) = postSolution
		{EA21E5E6-78F6-41B0-A2FA-B984CFADFA6D}.Debug|Any CPU.ActiveCfg = Debug|Any CPU
		{EA21E5E6-78F6-41B0-A2FA-B984CFADFA6D}.Debug|Any CPU.Build.0 = Debug|Any CPU
		{EA21E5E6-78F6-41B0-A2FA-B984CFADFA6D}.Release|Any CPU.ActiveCfg = Release|Any CPU
		{EA21E5E6-78F6-41B0-A2FA-B984CFADFA6D}.Release|Any CPU.Build.0 = Release|Any CPU
	EndGlobalSection
	GlobalSection(SolutionProperties) = preSolution
		HideSolutionNode = FALSE
	EndGlobalSection
	GlobalSection(ExtensibilityGlobals) = postSolution
		SolutionGuid = {3004715C-4E50-4BF1-BE91-5349F82C11F7}
	EndGlobalSection
EndGlobal
